{
  "pins" : [
    {
      "identity" : "starscream",
      "kind" : "remoteSourceControl",
      "location" : "https://github.com/daltoniam/Starscream.git",
      "state" : {
        "branch" : "4.0.6",
        "revision" : "ac6c0fc9da221873e01bd1a0d4818498a71eef33"
      }
    },
    {
      "identity" : "swiftvalidators",
      "kind" : "remoteSourceControl",
      "location" : "https://github.com/gkaimakas/SwiftValidators.git",
      "state" : {
        "branch" : "master",
        "revision" : "49a83a1f00fc12686b38505127940f90ab9b9688"
      }
    }
  ],
  "version" : 2
}
